
Microsoft Visual Studio Solution File, Format Version 12.00
# Visual Studio Version 17
VisualStudioVersion = 17.0.32112.339
MinimumVisualStudioVersion = 10.0.40219.1
Project("{FAE04EC0-301F-11D3-BF4B-00C04F79EFBC}") = "jSock", "jSock\jSock.csproj", "{C39D265A-207A-48E5-9C83-13D4FF67AE6D}"
EndProject
Project("{FAE04EC0-301F-11D3-BF4B-00C04F79EFBC}") = "jSockServerDemo", "jSockServerDemo\jSockServerDemo.csproj", "{4B6EFA4A-88A4-4AD5-A5D1-AEBDB8E2DF7E}"
EndProject
Global
	GlobalSection(SolutionConfigurationPlatforms) = preSolution
		Debug|Any CPU = Debug|Any CPU
		Release|Any CPU = Release|Any CPU
	EndGlobalSection
	GlobalSection(ProjectConfigurationPlatforms) = postSolution
		{C39D265A-207A-48E5-9C83-13D4FF67AE6D}.Debug|Any CPU.ActiveCfg = Debug|Any CPU
		{C39D265A-207A-48E5-9C83-13D4FF67AE6D}.Debug|Any CPU.Build.0 = Debug|Any CPU
		{C39D265A-207A-48E5-9C83-13D4FF67AE6D}.Release|Any CPU.ActiveCfg = Release|Any CPU
		{C39D265A-207A-48E5-9C83-13D4FF67AE6D}.Release|Any CPU.Build.0 = Release|Any CPU
		{4B6EFA4A-88A4-4AD5-A5D1-AEBDB8E2DF7E}.Debug|Any CPU.ActiveCfg = Debug|Any CPU
		{4B6EFA4A-88A4-4AD5-A5D1-AEBDB8E2DF7E}.Debug|Any CPU.Build.0 = Debug|Any CPU
		{4B6EFA4A-88A4-4AD5-A5D1-AEBDB8E2DF7E}.Release|Any CPU.ActiveCfg = Release|Any CPU
		{4B6EFA4A-88A4-4AD5-A5D1-AEBDB8E2DF7E}.Release|Any CPU.Build.0 = Release|Any CPU
	EndGlobalSection
	GlobalSection(SolutionProperties) = preSolution
		HideSolutionNode = FALSE
	EndGlobalSection
	GlobalSection(ExtensibilityGlobals) = postSolution
		SolutionGuid = {063BC4F2-9A0D-4DF0-B28B-8C0371AC3F9A}
	EndGlobalSection
EndGlobal
